
Microsoft Visual Studio Solution File, Format Version 12.00
# Visual Studio 15
VisualStudioVersion = 15.0.27130.2036
MinimumVisualStudioVersion = 10.0.40219.1
Project("{2150E333-8FDC-42A3-9474-1A3956D46DE8}") = "Tests", "Tests", "{F8CD07ED-0E3E-4C61-8371-49E5A6B13FF9}"
EndProject
Project("{FAE04EC0-301F-11D3-BF4B-00C04F79EFBC}") = "InMemoryMongoDbTests", "InMemoryMongoDbTests\InMemoryMongoDbTests.csproj", "{5773A70C-9FA2-4BEB-9479-A3B4786DE22B}"
EndProject
Project("{9A19103F-16F7-4668-BE54-9A1E7A4F7556}") = "InMemoryMongoDb", "InMemoryMongoDb\InMemoryMongoDb.csproj", "{E6181879-C26A-45E2-98A7-604E53856E12}"
EndProject
Project("{FAE04EC0-301F-11D3-BF4B-00C04F79EFBC}") = "SideBySideTests", "SideBySideTests\SideBySideTests.csproj", "{AF130418-7D86-4860-B82C-42CDC09FE480}"
EndProject
Global
	GlobalSection(SolutionConfigurationPlatforms) = preSolution
		Debug|Any CPU = Debug|Any CPU
		Release|Any CPU = Release|Any CPU
	EndGlobalSection
	GlobalSection(ProjectConfigurationPlatforms) = postSolution
		{5773A70C-9FA2-4BEB-9479-A3B4786DE22B}.Debug|Any CPU.ActiveCfg = Debug|Any CPU
		{5773A70C-9FA2-4BEB-9479-A3B4786DE22B}.Debug|Any CPU.Build.0 = Debug|Any CPU
		{5773A70C-9FA2-4BEB-9479-A3B4786DE22B}.Release|Any CPU.ActiveCfg = Release|Any CPU
		{5773A70C-9FA2-4BEB-9479-A3B4786DE22B}.Release|Any CPU.Build.0 = Release|Any CPU
		{E6181879-C26A-45E2-98A7-604E53856E12}.Debug|Any CPU.ActiveCfg = Debug|Any CPU
		{E6181879-C26A-45E2-98A7-604E53856E12}.Debug|Any CPU.Build.0 = Debug|Any CPU
		{E6181879-C26A-45E2-98A7-604E53856E12}.Release|Any CPU.ActiveCfg = Release|Any CPU
		{E6181879-C26A-45E2-98A7-604E53856E12}.Release|Any CPU.Build.0 = Release|Any CPU
		{AF130418-7D86-4860-B82C-42CDC09FE480}.Debug|Any CPU.ActiveCfg = Debug|Any CPU
		{AF130418-7D86-4860-B82C-42CDC09FE480}.Debug|Any CPU.Build.0 = Debug|Any CPU
		{AF130418-7D86-4860-B82C-42CDC09FE480}.Release|Any CPU.ActiveCfg = Release|Any CPU
		{AF130418-7D86-4860-B82C-42CDC09FE480}.Release|Any CPU.Build.0 = Release|Any CPU
	EndGlobalSection
	GlobalSection(SolutionProperties) = preSolution
		HideSolutionNode = FALSE
	EndGlobalSection
	GlobalSection(NestedProjects) = preSolution
		{5773A70C-9FA2-4BEB-9479-A3B4786DE22B} = {F8CD07ED-0E3E-4C61-8371-49E5A6B13FF9}
	EndGlobalSection
	GlobalSection(ExtensibilityGlobals) = postSolution
		SolutionGuid = {27DB4603-DDB1-4B35-A18B-DD46C8E7CD31}
	EndGlobalSection
EndGlobal
